
Microsoft Visual Studio Solution File, Format Version 12.00
# Visual Studio 15
Project("{FAE04EC0-301F-11D3-BF4B-00C04F79EFBC}") = "UniGLTF", "UniGLTF.csproj", "{59440EB6-B9F1-76C6-3650-0165F1B2120E}"
EndProject
Project("{FAE04EC0-301F-11D3-BF4B-00C04F79EFBC}") = "VRM10.Editor", "VRM10.Editor.csproj", "{AD3E29B4-D26A-F6DD-D465-52AE609D1D02}"
EndProject
Project("{FAE04EC0-301F-11D3-BF4B-00C04F79EFBC}") = "VRM10", "VRM10.csproj", "{B525118F-D32A-6A71-F7FC-B84C731D8742}"
EndProject
Project("{FAE04EC0-301F-11D3-BF4B-00C04F79EFBC}") = "VRM10.MToon10", "VRM10.MToon10.csproj", "{A71C685C-2D71-3F0A-1ED5-590F78FACE02}"
EndProject
Project("{FAE04EC0-301F-11D3-BF4B-00C04F79EFBC}") = "UniGLTF.Editor", "UniGLTF.Editor.csproj", "{67F1D300-8F3A-9A73-F0D3-CBEA71569652}"
EndProject
Project("{FAE04EC0-301F-11D3-BF4B-00C04F79EFBC}") = "UniGLTF.Tests", "UniGLTF.Tests.csproj", "{42C4882C-D311-4B77-09F0-845688329D5E}"
EndProject
Project("{FAE04EC0-301F-11D3-BF4B-00C04F79EFBC}") = "VrmLib", "VrmLib.csproj", "{F2932B80-F64A-E91B-F88E-CC3F370EB724}"
EndProject
Project("{FAE04EC0-301F-11D3-BF4B-00C04F79EFBC}") = "SpringBoneJobs", "SpringBoneJobs.csproj", "{55A3619B-6B16-CF0F-353D-2B5ED0F41D3E}"
EndProject
Project("{FAE04EC0-301F-11D3-BF4B-00C04F79EFBC}") = "Assembly-CSharp", "Assembly-CSharp.csproj", "{0256F836-96A2-C620-624A-26B346AF8EDF}"
EndProject
Project("{FAE04EC0-301F-11D3-BF4B-00C04F79EFBC}") = "UniGLTF.Utils", "UniGLTF.Utils.csproj", "{5D6C2B38-6D7D-85C2-E04A-B0BAEEDD08FB}"
EndProject
Project("{FAE04EC0-301F-11D3-BF4B-00C04F79EFBC}") = "VrmLibTests", "VrmLibTests.csproj", "{ECB8D0A3-1CAA-7898-3403-BD5722E29B8B}"
EndProject
Project("{FAE04EC0-301F-11D3-BF4B-00C04F79EFBC}") = "VRM10.MToon10.Tests", "VRM10.MToon10.Tests.csproj", "{F2F50895-CBDB-9559-E1F3-FA643BE81D91}"
EndProject
Project("{FAE04EC0-301F-11D3-BF4B-00C04F79EFBC}") = "VRM10.MToon10.Editor", "VRM10.MToon10.Editor.csproj", "{BDAE0351-3518-34E1-4E78-BF80694E64F5}"
EndProject
Project("{FAE04EC0-301F-11D3-BF4B-00C04F79EFBC}") = "VRM10.Tests", "VRM10.Tests.csproj", "{804907FD-3FE6-D593-77FE-B288528A05AD}"
EndProject
Project("{FAE04EC0-301F-11D3-BF4B-00C04F79EFBC}") = "UniGLTF.UniUnlit.Editor", "UniGLTF.UniUnlit.Editor.csproj", "{57A2B8D4-F650-AF38-4ABD-AF1B4BBDB966}"
EndProject
Project("{FAE04EC0-301F-11D3-BF4B-00C04F79EFBC}") = "UniHumanoid", "UniHumanoid.csproj", "{0E47AFEF-8793-17CA-4EE2-566C59B1B320}"
EndProject
Project("{FAE04EC0-301F-11D3-BF4B-00C04F79EFBC}") = "FastSpringBone10", "FastSpringBone10.csproj", "{50A8515B-683C-8BDF-E3CC-4821735F22A7}"
EndProject
Project("{FAE04EC0-301F-11D3-BF4B-00C04F79EFBC}") = "UniHumanoid.Editor", "UniHumanoid.Editor.csproj", "{A0C6CE9B-7C48-979E-7FE5-98C9DB9C0D01}"
EndProject
Project("{FAE04EC0-301F-11D3-BF4B-00C04F79EFBC}") = "UniHumanoid.Editor.Tests", "UniHumanoid.Editor.Tests.csproj", "{1EE0EAE3-1E1A-E6E3-F890-372BC5374016}"
EndProject
Project("{FAE04EC0-301F-11D3-BF4B-00C04F79EFBC}") = "UniGLTF.UniUnlit", "UniGLTF.UniUnlit.csproj", "{153BD374-0D33-F410-F0B9-AD343536AF9E}"
EndProject
Global
	GlobalSection(SolutionConfigurationPlatforms) = preSolution
		Debug|Any CPU = Debug|Any CPU
		Release|Any CPU = Release|Any CPU
	EndGlobalSection
	GlobalSection(ProjectConfigurationPlatforms) = postSolution
		{59440EB6-B9F1-76C6-3650-0165F1B2120E}.Debug|Any CPU.ActiveCfg = Debug|Any CPU
		{59440EB6-B9F1-76C6-3650-0165F1B2120E}.Debug|Any CPU.Build.0 = Debug|Any CPU
		{59440EB6-B9F1-76C6-3650-0165F1B2120E}.Release|Any CPU.ActiveCfg = Release|Any CPU
		{59440EB6-B9F1-76C6-3650-0165F1B2120E}.Release|Any CPU.Build.0 = Release|Any CPU
		{AD3E29B4-D26A-F6DD-D465-52AE609D1D02}.Debug|Any CPU.ActiveCfg = Debug|Any CPU
		{AD3E29B4-D26A-F6DD-D465-52AE609D1D02}.Debug|Any CPU.Build.0 = Debug|Any CPU
		{AD3E29B4-D26A-F6DD-D465-52AE609D1D02}.Release|Any CPU.ActiveCfg = Release|Any CPU
		{AD3E29B4-D26A-F6DD-D465-52AE609D1D02}.Release|Any CPU.Build.0 = Release|Any CPU
		{B525118F-D32A-6A71-F7FC-B84C731D8742}.Debug|Any CPU.ActiveCfg = Debug|Any CPU
		{B525118F-D32A-6A71-F7FC-B84C731D8742}.Debug|Any CPU.Build.0 = Debug|Any CPU
		{B525118F-D32A-6A71-F7FC-B84C731D8742}.Release|Any CPU.ActiveCfg = Release|Any CPU
		{B525118F-D32A-6A71-F7FC-B84C731D8742}.Release|Any CPU.Build.0 = Release|Any CPU
		{A71C685C-2D71-3F0A-1ED5-590F78FACE02}.Debug|Any CPU.ActiveCfg = Debug|Any CPU
		{A71C685C-2D71-3F0A-1ED5-590F78FACE02}.Debug|Any CPU.Build.0 = Debug|Any CPU
		{A71C685C-2D71-3F0A-1ED5-590F78FACE02}.Release|Any CPU.ActiveCfg = Release|Any CPU
		{A71C685C-2D71-3F0A-1ED5-590F78FACE02}.Release|Any CPU.Build.0 = Release|Any CPU
		{67F1D300-8F3A-9A73-F0D3-CBEA71569652}.Debug|Any CPU.ActiveCfg = Debug|Any CPU
		{67F1D300-8F3A-9A73-F0D3-CBEA71569652}.Debug|Any CPU.Build.0 = Debug|Any CPU
		{67F1D300-8F3A-9A73-F0D3-CBEA71569652}.Release|Any CPU.ActiveCfg = Release|Any CPU
		{67F1D300-8F3A-9A73-F0D3-CBEA71569652}.Release|Any CPU.Build.0 = Release|Any CPU
		{42C4882C-D311-4B77-09F0-845688329D5E}.Debug|Any CPU.ActiveCfg = Debug|Any CPU
		{42C4882C-D311-4B77-09F0-845688329D5E}.Debug|Any CPU.Build.0 = Debug|Any CPU
		{42C4882C-D311-4B77-09F0-845688329D5E}.Release|Any CPU.ActiveCfg = Release|Any CPU
		{42C4882C-D311-4B77-09F0-845688329D5E}.Release|Any CPU.Build.0 = Release|Any CPU
		{F2932B80-F64A-E91B-F88E-CC3F370EB724}.Debug|Any CPU.ActiveCfg = Debug|Any CPU
		{F2932B80-F64A-E91B-F88E-CC3F370EB724}.Debug|Any CPU.Build.0 = Debug|Any CPU
		{F2932B80-F64A-E91B-F88E-CC3F370EB724}.Release|Any CPU.ActiveCfg = Release|Any CPU
		{F2932B80-F64A-E91B-F88E-CC3F370EB724}.Release|Any CPU.Build.0 = Release|Any CPU
		{55A3619B-6B16-CF0F-353D-2B5ED0F41D3E}.Debug|Any CPU.ActiveCfg = Debug|Any CPU
		{55A3619B-6B16-CF0F-353D-2B5ED0F41D3E}.Debug|Any CPU.Build.0 = Debug|Any CPU
		{55A3619B-6B16-CF0F-353D-2B5ED0F41D3E}.Release|Any CPU.ActiveCfg = Release|Any CPU
		{55A3619B-6B16-CF0F-353D-2B5ED0F41D3E}.Release|Any CPU.Build.0 = Release|Any CPU
		{0256F836-96A2-C620-624A-26B346AF8EDF}.Debug|Any CPU.ActiveCfg = Debug|Any CPU
		{0256F836-96A2-C620-624A-26B346AF8EDF}.Debug|Any CPU.Build.0 = Debug|Any CPU
		{0256F836-96A2-C620-624A-26B346AF8EDF}.Release|Any CPU.ActiveCfg = Release|Any CPU
		{0256F836-96A2-C620-624A-26B346AF8EDF}.Release|Any CPU.Build.0 = Release|Any CPU
		{5D6C2B38-6D7D-85C2-E04A-B0BAEEDD08FB}.Debug|Any CPU.ActiveCfg = Debug|Any CPU
		{5D6C2B38-6D7D-85C2-E04A-B0BAEEDD08FB}.Debug|Any CPU.Build.0 = Debug|Any CPU
		{5D6C2B38-6D7D-85C2-E04A-B0BAEEDD08FB}.Release|Any CPU.ActiveCfg = Release|Any CPU
		{5D6C2B38-6D7D-85C2-E04A-B0BAEEDD08FB}.Release|Any CPU.Build.0 = Release|Any CPU
		{ECB8D0A3-1CAA-7898-3403-BD5722E29B8B}.Debug|Any CPU.ActiveCfg = Debug|Any CPU
		{ECB8D0A3-1CAA-7898-3403-BD5722E29B8B}.Debug|Any CPU.Build.0 = Debug|Any CPU
		{ECB8D0A3-1CAA-7898-3403-BD5722E29B8B}.Release|Any CPU.ActiveCfg = Release|Any CPU
		{ECB8D0A3-1CAA-7898-3403-BD5722E29B8B}.Release|Any CPU.Build.0 = Release|Any CPU
		{F2F50895-CBDB-9559-E1F3-FA643BE81D91}.Debug|Any CPU.ActiveCfg = Debug|Any CPU
		{F2F50895-CBDB-9559-E1F3-FA643BE81D91}.Debug|Any CPU.Build.0 = Debug|Any CPU
		{F2F50895-CBDB-9559-E1F3-FA643BE81D91}.Release|Any CPU.ActiveCfg = Release|Any CPU
		{F2F50895-CBDB-9559-E1F3-FA643BE81D91}.Release|Any CPU.Build.0 = Release|Any CPU
		{BDAE0351-3518-34E1-4E78-BF80694E64F5}.Debug|Any CPU.ActiveCfg = Debug|Any CPU
		{BDAE0351-3518-34E1-4E78-BF80694E64F5}.Debug|Any CPU.Build.0 = Debug|Any CPU
		{BDAE0351-3518-34E1-4E78-BF80694E64F5}.Release|Any CPU.ActiveCfg = Release|Any CPU
		{BDAE0351-3518-34E1-4E78-BF80694E64F5}.Release|Any CPU.Build.0 = Release|Any CPU
		{804907FD-3FE6-D593-77FE-B288528A05AD}.Debug|Any CPU.ActiveCfg = Debug|Any CPU
		{804907FD-3FE6-D593-77FE-B288528A05AD}.Debug|Any CPU.Build.0 = Debug|Any CPU
		{804907FD-3FE6-D593-77FE-B288528A05AD}.Release|Any CPU.ActiveCfg = Release|Any CPU
		{804907FD-3FE6-D593-77FE-B288528A05AD}.Release|Any CPU.Build.0 = Release|Any CPU
		{57A2B8D4-F650-AF38-4ABD-AF1B4BBDB966}.Debug|Any CPU.ActiveCfg = Debug|Any CPU
		{57A2B8D4-F650-AF38-4ABD-AF1B4BBDB966}.Debug|Any CPU.Build.0 = Debug|Any CPU
		{57A2B8D4-F650-AF38-4ABD-AF1B4BBDB966}.Release|Any CPU.ActiveCfg = Release|Any CPU
		{57A2B8D4-F650-AF38-4ABD-AF1B4BBDB966}.Release|Any CPU.Build.0 = Release|Any CPU
		{0E47AFEF-8793-17CA-4EE2-566C59B1B320}.Debug|Any CPU.ActiveCfg = Debug|Any CPU
		{0E47AFEF-8793-17CA-4EE2-566C59B1B320}.Debug|Any CPU.Build.0 = Debug|Any CPU
		{0E47AFEF-8793-17CA-4EE2-566C59B1B320}.Release|Any CPU.ActiveCfg = Release|Any CPU
		{0E47AFEF-8793-17CA-4EE2-566C59B1B320}.Release|Any CPU.Build.0 = Release|Any CPU
		{50A8515B-683C-8BDF-E3CC-4821735F22A7}.Debug|Any CPU.ActiveCfg = Debug|Any CPU
		{50A8515B-683C-8BDF-E3CC-4821735F22A7}.Debug|Any CPU.Build.0 = Debug|Any CPU
		{50A8515B-683C-8BDF-E3CC-4821735F22A7}.Release|Any CPU.ActiveCfg = Release|Any CPU
		{50A8515B-683C-8BDF-E3CC-4821735F22A7}.Release|Any CPU.Build.0 = Release|Any CPU
		{A0C6CE9B-7C48-979E-7FE5-98C9DB9C0D01}.Debug|Any CPU.ActiveCfg = Debug|Any CPU
		{A0C6CE9B-7C48-979E-7FE5-98C9DB9C0D01}.Debug|Any CPU.Build.0 = Debug|Any CPU
		{A0C6CE9B-7C48-979E-7FE5-98C9DB9C0D01}.Release|Any CPU.ActiveCfg = Release|Any CPU
		{A0C6CE9B-7C48-979E-7FE5-98C9DB9C0D01}.Release|Any CPU.Build.0 = Release|Any CPU
		{1EE0EAE3-1E1A-E6E3-F890-372BC5374016}.Debug|Any CPU.ActiveCfg = Debug|Any CPU
		{1EE0EAE3-1E1A-E6E3-F890-372BC5374016}.Debug|Any CPU.Build.0 = Debug|Any CPU
		{1EE0EAE3-1E1A-E6E3-F890-372BC5374016}.Release|Any CPU.ActiveCfg = Release|Any CPU
		{1EE0EAE3-1E1A-E6E3-F890-372BC5374016}.Release|Any CPU.Build.0 = Release|Any CPU
		{153BD374-0D33-F410-F0B9-AD343536AF9E}.Debug|Any CPU.ActiveCfg = Debug|Any CPU
		{153BD374-0D33-F410-F0B9-AD343536AF9E}.Debug|Any CPU.Build.0 = Debug|Any CPU
		{153BD374-0D33-F410-F0B9-AD343536AF9E}.Release|Any CPU.ActiveCfg = Release|Any CPU
		{153BD374-0D33-F410-F0B9-AD343536AF9E}.Release|Any CPU.Build.0 = Release|Any CPU
	EndGlobalSection
	GlobalSection(SolutionProperties) = preSolution
		HideSolutionNode = FALSE
	EndGlobalSection
EndGlobal
